
Microsoft Visual Studio Solution File, Format Version 12.00
# Visual Studio Version 16
VisualStudioVersion = 16.0.810.16
MinimumVisualStudioVersion = 10.0.40219.1
Project("{FAE04EC0-301F-11D3-BF4B-00C04F79EFBC}") = "ContactsApp.Android", "ContactsApp.Android\ContactsApp.Android.csproj", "{8486BD05-6F9A-4F08-A276-526435422FC4}"
EndProject
Project("{FAE04EC0-301F-11D3-BF4B-00C04F79EFBC}") = "ContactsApp.iOS", "ContactsApp.iOS\ContactsApp.iOS.csproj", "{F71CB6C6-4617-4C3D-80FC-A2F8EAE1F187}"
EndProject
Project("{FAE04EC0-301F-11D3-BF4B-00C04F79EFBC}") = "ContactsApp", "ContactsApp\ContactsApp.csproj", "{62CF453F-CBB5-4F63-80FB-CE5BDAF1C3C1}"
EndProject
Global
	GlobalSection(SolutionConfigurationPlatforms) = preSolution
		Debug|Any CPU = Debug|Any CPU
		Release|Any CPU = Release|Any CPU
		Debug|iPhoneSimulator = Debug|iPhoneSimulator
		Release|iPhoneSimulator = Release|iPhoneSimulator
		Debug|iPhone = Debug|iPhone
		Release|iPhone = Release|iPhone
	EndGlobalSection
	GlobalSection(ProjectConfigurationPlatforms) = postSolution
		{8486BD05-6F9A-4F08-A276-526435422FC4}.Debug|Any CPU.ActiveCfg = Debug|Any CPU
		{8486BD05-6F9A-4F08-A276-526435422FC4}.Debug|Any CPU.Build.0 = Debug|Any CPU
		{8486BD05-6F9A-4F08-A276-526435422FC4}.Release|Any CPU.ActiveCfg = Release|Any CPU
		{8486BD05-6F9A-4F08-A276-526435422FC4}.Release|Any CPU.Build.0 = Release|Any CPU
		{8486BD05-6F9A-4F08-A276-526435422FC4}.Debug|iPhoneSimulator.ActiveCfg = Debug|Any CPU
		{8486BD05-6F9A-4F08-A276-526435422FC4}.Debug|iPhoneSimulator.Build.0 = Debug|Any CPU
		{8486BD05-6F9A-4F08-A276-526435422FC4}.Release|iPhoneSimulator.ActiveCfg = Release|Any CPU
		{8486BD05-6F9A-4F08-A276-526435422FC4}.Release|iPhoneSimulator.Build.0 = Release|Any CPU
		{8486BD05-6F9A-4F08-A276-526435422FC4}.Debug|iPhone.ActiveCfg = Debug|Any CPU
		{8486BD05-6F9A-4F08-A276-526435422FC4}.Debug|iPhone.Build.0 = Debug|Any CPU
		{8486BD05-6F9A-4F08-A276-526435422FC4}.Release|iPhone.ActiveCfg = Release|Any CPU
		{8486BD05-6F9A-4F08-A276-526435422FC4}.Release|iPhone.Build.0 = Release|Any CPU
		{F71CB6C6-4617-4C3D-80FC-A2F8EAE1F187}.Debug|Any CPU.ActiveCfg = Debug|iPhoneSimulator
		{F71CB6C6-4617-4C3D-80FC-A2F8EAE1F187}.Debug|Any CPU.Build.0 = Debug|iPhoneSimulator
		{F71CB6C6-4617-4C3D-80FC-A2F8EAE1F187}.Release|Any CPU.ActiveCfg = Release|iPhoneSimulator
		{F71CB6C6-4617-4C3D-80FC-A2F8EAE1F187}.Release|Any CPU.Build.0 = Release|iPhoneSimulator
		{F71CB6C6-4617-4C3D-80FC-A2F8EAE1F187}.Debug|iPhoneSimulator.ActiveCfg = Debug|iPhoneSimulator
		{F71CB6C6-4617-4C3D-80FC-A2F8EAE1F187}.Debug|iPhoneSimulator.Build.0 = Debug|iPhoneSimulator
		{F71CB6C6-4617-4C3D-80FC-A2F8EAE1F187}.Release|iPhoneSimulator.ActiveCfg = Release|iPhoneSimulator
		{F71CB6C6-4617-4C3D-80FC-A2F8EAE1F187}.Release|iPhoneSimulator.Build.0 = Release|iPhoneSimulator
		{F71CB6C6-4617-4C3D-80FC-A2F8EAE1F187}.Debug|iPhone.ActiveCfg = Debug|iPhone
		{F71CB6C6-4617-4C3D-80FC-A2F8EAE1F187}.Debug|iPhone.Build.0 = Debug|iPhone
		{F71CB6C6-4617-4C3D-80FC-A2F8EAE1F187}.Release|iPhone.ActiveCfg = Release|iPhone
		{F71CB6C6-4617-4C3D-80FC-A2F8EAE1F187}.Release|iPhone.Build.0 = Release|iPhone
		{62CF453F-CBB5-4F63-80FB-CE5BDAF1C3C1}.Debug|Any CPU.ActiveCfg = Debug|Any CPU
		{62CF453F-CBB5-4F63-80FB-CE5BDAF1C3C1}.Debug|Any CPU.Build.0 = Debug|Any CPU
		{62CF453F-CBB5-4F63-80FB-CE5BDAF1C3C1}.Release|Any CPU.ActiveCfg = Release|Any CPU
		{62CF453F-CBB5-4F63-80FB-CE5BDAF1C3C1}.Release|Any CPU.Build.0 = Release|Any CPU
		{62CF453F-CBB5-4F63-80FB-CE5BDAF1C3C1}.Debug|iPhoneSimulator.ActiveCfg = Debug|Any CPU
		{62CF453F-CBB5-4F63-80FB-CE5BDAF1C3C1}.Debug|iPhoneSimulator.Build.0 = Debug|Any CPU
		{62CF453F-CBB5-4F63-80FB-CE5BDAF1C3C1}.Release|iPhoneSimulator.ActiveCfg = Release|Any CPU
		{62CF453F-CBB5-4F63-80FB-CE5BDAF1C3C1}.Release|iPhoneSimulator.Build.0 = Release|Any CPU
		{62CF453F-CBB5-4F63-80FB-CE5BDAF1C3C1}.Debug|iPhone.ActiveCfg = Debug|Any CPU
		{62CF453F-CBB5-4F63-80FB-CE5BDAF1C3C1}.Debug|iPhone.Build.0 = Debug|Any CPU
		{62CF453F-CBB5-4F63-80FB-CE5BDAF1C3C1}.Release|iPhone.ActiveCfg = Release|Any CPU
		{62CF453F-CBB5-4F63-80FB-CE5BDAF1C3C1}.Release|iPhone.Build.0 = Release|Any CPU
	EndGlobalSection
	GlobalSection(SolutionProperties) = preSolution
		HideSolutionNode = FALSE
	EndGlobalSection
	GlobalSection(ExtensibilityGlobals) = postSolution
		SolutionGuid = {BFCAE856-14B9-43DD-A24E-5C1719E7188E}
	EndGlobalSection
EndGlobal
